
Microsoft Visual Studio Solution File, Format Version 12.00
# Visual Studio Version 17
VisualStudioVersion = 17.1.32210.238
MinimumVisualStudioVersion = 10.0.40219.1
Project("{FAE04EC0-301F-11D3-BF4B-00C04F79EFBC}") = "WebPing", "WebPing\WebPing.csproj", "{A6FAAD87-FC57-42CC-9295-5D7B067CFFA7}"
EndProject
Global
	GlobalSection(SolutionConfigurationPlatforms) = preSolution
		Debug|Any CPU = Debug|Any CPU
		Release|Any CPU = Release|Any CPU
	EndGlobalSection
	GlobalSection(ProjectConfigurationPlatforms) = postSolution
		{A6FAAD87-FC57-42CC-9295-5D7B067CFFA7}.Debug|Any CPU.ActiveCfg = Debug|Any CPU
		{A6FAAD87-FC57-42CC-9295-5D7B067CFFA7}.Debug|Any CPU.Build.0 = Debug|Any CPU
		{A6FAAD87-FC57-42CC-9295-5D7B067CFFA7}.Release|Any CPU.ActiveCfg = Release|Any CPU
		{A6FAAD87-FC57-42CC-9295-5D7B067CFFA7}.Release|Any CPU.Build.0 = Release|Any CPU
	EndGlobalSection
	GlobalSection(SolutionProperties) = preSolution
		HideSolutionNode = FALSE
	EndGlobalSection
	GlobalSection(ExtensibilityGlobals) = postSolution
		SolutionGuid = {1519C5D0-7E43-4C05-BCC4-DEB6A162A49A}
	EndGlobalSection
EndGlobal
